{
  "name": "order_manager",
  "version": "1.0.0",
  "lockfileVersion": 1,
  "requires": true,
  "dependencies": {
    "requirejs-babel": {
      "version": "0.0.9",
      "resolved": "https://registry.npmjs.org/requirejs-babel/-/requirejs-babel-0.0.9.tgz",
      "integrity": "sha1-jtNyjwHSMB/7x3Ce7UA+X0fDYnw="
    }
  }
}
